
Microsoft Visual Studio Solution File, Format Version 12.00
# Visual Studio Version 17
VisualStudioVersion = 17.0.31903.59
MinimumVisualStudioVersion = 10.0.40219.1
Project("{2150E333-8FDC-42A3-9474-1A3956D46DE8}") = "src", "src", "{827E0CD3-B72D-47B6-A68D-7590B98EB39B}"
EndProject
Project("{FAE04EC0-301F-11D3-BF4B-00C04F79EFBC}") = "DistributedIdService.Api", "src\DistributedIdService.Api\DistributedIdService.Api.csproj", "{378FA04F-CDD1-4276-9AC8-F562B0C6A9C7}"
EndProject
Project("{FAE04EC0-301F-11D3-BF4B-00C04F79EFBC}") = "DistributedIdService.Tests", "tests\DistributedIdService.Tests\DistributedIdService.Tests.csproj", "{03355C59-FA98-4011-8253-07D859D2E44D}"
EndProject
Global
	GlobalSection(SolutionConfigurationPlatforms) = preSolution
		Debug|Any CPU = Debug|Any CPU
		Debug|x64 = Debug|x64
		Debug|x86 = Debug|x86
		Release|Any CPU = Release|Any CPU
		Release|x64 = Release|x64
		Release|x86 = Release|x86
	EndGlobalSection
	GlobalSection(ProjectConfigurationPlatforms) = postSolution
		{378FA04F-CDD1-4276-9AC8-F562B0C6A9C7}.Debug|Any CPU.ActiveCfg = Debug|Any CPU
		{378FA04F-CDD1-4276-9AC8-F562B0C6A9C7}.Debug|Any CPU.Build.0 = Debug|Any CPU
		{378FA04F-CDD1-4276-9AC8-F562B0C6A9C7}.Debug|x64.ActiveCfg = Debug|Any CPU
		{378FA04F-CDD1-4276-9AC8-F562B0C6A9C7}.Debug|x64.Build.0 = Debug|Any CPU
		{378FA04F-CDD1-4276-9AC8-F562B0C6A9C7}.Debug|x86.ActiveCfg = Debug|Any CPU
		{378FA04F-CDD1-4276-9AC8-F562B0C6A9C7}.Debug|x86.Build.0 = Debug|Any CPU
		{378FA04F-CDD1-4276-9AC8-F562B0C6A9C7}.Release|Any CPU.ActiveCfg = Release|Any CPU
		{378FA04F-CDD1-4276-9AC8-F562B0C6A9C7}.Release|Any CPU.Build.0 = Release|Any CPU
		{378FA04F-CDD1-4276-9AC8-F562B0C6A9C7}.Release|x64.ActiveCfg = Release|Any CPU
		{378FA04F-CDD1-4276-9AC8-F562B0C6A9C7}.Release|x64.Build.0 = Release|Any CPU
		{378FA04F-CDD1-4276-9AC8-F562B0C6A9C7}.Release|x86.ActiveCfg = Release|Any CPU
		{378FA04F-CDD1-4276-9AC8-F562B0C6A9C7}.Release|x86.Build.0 = Release|Any CPU
		{03355C59-FA98-4011-8253-07D859D2E44D}.Debug|Any CPU.ActiveCfg = Debug|Any CPU
		{03355C59-FA98-4011-8253-07D859D2E44D}.Debug|Any CPU.Build.0 = Debug|Any CPU
		{03355C59-FA98-4011-8253-07D859D2E44D}.Debug|x64.ActiveCfg = Debug|Any CPU
		{03355C59-FA98-4011-8253-07D859D2E44D}.Debug|x64.Build.0 = Debug|Any CPU
		{03355C59-FA98-4011-8253-07D859D2E44D}.Debug|x86.ActiveCfg = Debug|Any CPU
		{03355C59-FA98-4011-8253-07D859D2E44D}.Debug|x86.Build.0 = Debug|Any CPU
		{03355C59-FA98-4011-8253-07D859D2E44D}.Release|Any CPU.ActiveCfg = Release|Any CPU
		{03355C59-FA98-4011-8253-07D859D2E44D}.Release|Any CPU.Build.0 = Release|Any CPU
		{03355C59-FA98-4011-8253-07D859D2E44D}.Release|x64.ActiveCfg = Release|Any CPU
		{03355C59-FA98-4011-8253-07D859D2E44D}.Release|x64.Build.0 = Release|Any CPU
		{03355C59-FA98-4011-8253-07D859D2E44D}.Release|x86.ActiveCfg = Release|Any CPU
		{03355C59-FA98-4011-8253-07D859D2E44D}.Release|x86.Build.0 = Release|Any CPU
	EndGlobalSection
	GlobalSection(SolutionProperties) = preSolution
		HideSolutionNode = FALSE
	EndGlobalSection
	GlobalSection(NestedProjects) = preSolution
		{378FA04F-CDD1-4276-9AC8-F562B0C6A9C7} = {827E0CD3-B72D-47B6-A68D-7590B98EB39B}
		{03355C59-FA98-4011-8253-07D859D2E44D} = {827E0CD3-B72D-47B6-A68D-7590B98EB39B}
	EndGlobalSection
EndGlobal
